
Microsoft Visual Studio Solution File, Format Version 12.00
# Visual Studio Version 17
VisualStudioVersion = 17.0.31903.59
MinimumVisualStudioVersion = 10.0.40219.1
Project("{2150E333-8FDC-42A3-9474-1A3956D46DE8}") = "Chapter_3", "Chapter_3", "{08CF7924-EF0E-1EEF-F44B-51109664297C}"
EndProject
Project("{FAE04EC0-301F-11D3-BF4B-00C04F79EFBC}") = "01_SimpleCSharpApp", "Chapter_3\01_SimpleCSharpApp\01_SimpleCSharpApp.csproj", "{63BB9F9A-E21C-43A7-B7AB-E67578B0C07B}"
EndProject
Project("{FAE04EC0-301F-11D3-BF4B-00C04F79EFBC}") = "02_TopLevelOperatorApp", "Chapter_3\02_TopLevelOperatorApp\02_TopLevelOperatorApp.csproj", "{8FC338F0-29F0-401B-B22C-677D30F7141B}"
EndProject
Project("{FAE04EC0-301F-11D3-BF4B-00C04F79EFBC}") = "03_ExitCodeEx", "Chapter_3\03_ExitCodeEx\03_ExitCodeEx.csproj", "{C3140C3C-AA2A-4103-BE56-12840FAB791B}"
EndProject
Project("{FAE04EC0-301F-11D3-BF4B-00C04F79EFBC}") = "04_ReadInputArgsV1", "Chapter_3\04_ReadInputArgsV1\04_ReadInputArgsV1.csproj", "{18A4326E-4192-48E2-9DA9-CDF564493F83}"
EndProject
Project("{FAE04EC0-301F-11D3-BF4B-00C04F79EFBC}") = "05_ReadInputArgsV2", "Chapter_3\05_ReadInputArgsV2\05_ReadInputArgsV2.csproj", "{B7937B72-372B-485A-98EF-77162FC96458}"
EndProject
Project("{FAE04EC0-301F-11D3-BF4B-00C04F79EFBC}") = "06_Environment", "Chapter_3\06_Environment\06_Environment.csproj", "{09601816-AB09-49DD-BBF7-A2ADA67CEBB8}"
EndProject
Project("{FAE04EC0-301F-11D3-BF4B-00C04F79EFBC}") = "07_BasicConsoleIO", "Chapter_3\07_BasicConsoleIO\07_BasicConsoleIO.csproj", "{C15D2598-D70B-474C-8B9E-7B4DFD763D53}"
EndProject
Project("{FAE04EC0-301F-11D3-BF4B-00C04F79EFBC}") = "08_FormatNumericalData", "Chapter_3\08_FormatNumericalData\08_FormatNumericalData.csproj", "{26BCB4E7-0BE1-4C9C-A01C-2FE68DDDC08B}"
EndProject
Project("{FAE04EC0-301F-11D3-BF4B-00C04F79EFBC}") = "09_BasicDataTypes", "Chapter_3\09_BasicDataTypes\09_BasicDataTypes.csproj", "{1241A72D-7CB7-4719-A401-65B1714F8805}"
EndProject
Project("{2150E333-8FDC-42A3-9474-1A3956D46DE8}") = "Other", "Other", "{A36FAAB1-3B70-FACF-6B1E-E7138A3CFC44}"
EndProject
Project("{FAE04EC0-301F-11D3-BF4B-00C04F79EFBC}") = "01_AsynchronousCode", "Other\01_AsynchronousCode\01_AsynchronousCode.csproj", "{3FEB3430-95BC-4BCF-A845-2DB3169A62AF}"
EndProject
Project("{FAE04EC0-301F-11D3-BF4B-00C04F79EFBC}") = "02_AsynchronousCodeWithResult", "Other\02_AsynchronousCodeWithResult\02_AsynchronousCodeWithResult.csproj", "{F6AC9909-4E48-46F9-A070-DA4BBF4D4FDD}"
EndProject
Project("{FAE04EC0-301F-11D3-BF4B-00C04F79EFBC}") = "03_AsynchronousCodeCustomAwaiter", "Other\03_AsynchronousCodeCustomAwaiter\03_AsynchronousCodeCustomAwaiter.csproj", "{62ED91FC-72F2-4667-9ABB-21791940664B}"
EndProject
Project("{FAE04EC0-301F-11D3-BF4B-00C04F79EFBC}") = "04_MyAsynchronousRealisation", "Other\04_MyAsynchronousRealisation\04_MyAsynchronousRealisation.csproj", "{43AE5F40-14F9-492B-908C-D11A11FB3A9B}"
EndProject
Project("{FAE04EC0-301F-11D3-BF4B-00C04F79EFBC}") = "05_MyAsyncAsynchornousRealisation2", "Other\05_MyAsyncAsynchornousRealisation2\05_MyAsyncAsynchornousRealisation2.csproj", "{6E317BCA-2515-49B5-A91A-ED95294FBE71}"
EndProject
Global
	GlobalSection(SolutionConfigurationPlatforms) = preSolution
		Debug|Any CPU = Debug|Any CPU
		Debug|x64 = Debug|x64
		Debug|x86 = Debug|x86
		Release|Any CPU = Release|Any CPU
		Release|x64 = Release|x64
		Release|x86 = Release|x86
	EndGlobalSection
	GlobalSection(ProjectConfigurationPlatforms) = postSolution
		{63BB9F9A-E21C-43A7-B7AB-E67578B0C07B}.Debug|Any CPU.ActiveCfg = Debug|Any CPU
		{63BB9F9A-E21C-43A7-B7AB-E67578B0C07B}.Debug|Any CPU.Build.0 = Debug|Any CPU
		{63BB9F9A-E21C-43A7-B7AB-E67578B0C07B}.Debug|x64.ActiveCfg = Debug|Any CPU
		{63BB9F9A-E21C-43A7-B7AB-E67578B0C07B}.Debug|x64.Build.0 = Debug|Any CPU
		{63BB9F9A-E21C-43A7-B7AB-E67578B0C07B}.Debug|x86.ActiveCfg = Debug|Any CPU
		{63BB9F9A-E21C-43A7-B7AB-E67578B0C07B}.Debug|x86.Build.0 = Debug|Any CPU
		{63BB9F9A-E21C-43A7-B7AB-E67578B0C07B}.Release|Any CPU.ActiveCfg = Release|Any CPU
		{63BB9F9A-E21C-43A7-B7AB-E67578B0C07B}.Release|Any CPU.Build.0 = Release|Any CPU
		{63BB9F9A-E21C-43A7-B7AB-E67578B0C07B}.Release|x64.ActiveCfg = Release|Any CPU
		{63BB9F9A-E21C-43A7-B7AB-E67578B0C07B}.Release|x64.Build.0 = Release|Any CPU
		{63BB9F9A-E21C-43A7-B7AB-E67578B0C07B}.Release|x86.ActiveCfg = Release|Any CPU
		{63BB9F9A-E21C-43A7-B7AB-E67578B0C07B}.Release|x86.Build.0 = Release|Any CPU
		{8FC338F0-29F0-401B-B22C-677D30F7141B}.Debug|Any CPU.ActiveCfg = Debug|Any CPU
		{8FC338F0-29F0-401B-B22C-677D30F7141B}.Debug|Any CPU.Build.0 = Debug|Any CPU
		{8FC338F0-29F0-401B-B22C-677D30F7141B}.Debug|x64.ActiveCfg = Debug|Any CPU
		{8FC338F0-29F0-401B-B22C-677D30F7141B}.Debug|x64.Build.0 = Debug|Any CPU
		{8FC338F0-29F0-401B-B22C-677D30F7141B}.Debug|x86.ActiveCfg = Debug|Any CPU
		{8FC338F0-29F0-401B-B22C-677D30F7141B}.Debug|x86.Build.0 = Debug|Any CPU
		{8FC338F0-29F0-401B-B22C-677D30F7141B}.Release|Any CPU.ActiveCfg = Release|Any CPU
		{8FC338F0-29F0-401B-B22C-677D30F7141B}.Release|Any CPU.Build.0 = Release|Any CPU
		{8FC338F0-29F0-401B-B22C-677D30F7141B}.Release|x64.ActiveCfg = Release|Any CPU
		{8FC338F0-29F0-401B-B22C-677D30F7141B}.Release|x64.Build.0 = Release|Any CPU
		{8FC338F0-29F0-401B-B22C-677D30F7141B}.Release|x86.ActiveCfg = Release|Any CPU
		{8FC338F0-29F0-401B-B22C-677D30F7141B}.Release|x86.Build.0 = Release|Any CPU
		{C3140C3C-AA2A-4103-BE56-12840FAB791B}.Debug|Any CPU.ActiveCfg = Debug|Any CPU
		{C3140C3C-AA2A-4103-BE56-12840FAB791B}.Debug|Any CPU.Build.0 = Debug|Any CPU
		{C3140C3C-AA2A-4103-BE56-12840FAB791B}.Debug|x64.ActiveCfg = Debug|Any CPU
		{C3140C3C-AA2A-4103-BE56-12840FAB791B}.Debug|x64.Build.0 = Debug|Any CPU
		{C3140C3C-AA2A-4103-BE56-12840FAB791B}.Debug|x86.ActiveCfg = Debug|Any CPU
		{C3140C3C-AA2A-4103-BE56-12840FAB791B}.Debug|x86.Build.0 = Debug|Any CPU
		{C3140C3C-AA2A-4103-BE56-12840FAB791B}.Release|Any CPU.ActiveCfg = Release|Any CPU
		{C3140C3C-AA2A-4103-BE56-12840FAB791B}.Release|Any CPU.Build.0 = Release|Any CPU
		{C3140C3C-AA2A-4103-BE56-12840FAB791B}.Release|x64.ActiveCfg = Release|Any CPU
		{C3140C3C-AA2A-4103-BE56-12840FAB791B}.Release|x64.Build.0 = Release|Any CPU
		{C3140C3C-AA2A-4103-BE56-12840FAB791B}.Release|x86.ActiveCfg = Release|Any CPU
		{C3140C3C-AA2A-4103-BE56-12840FAB791B}.Release|x86.Build.0 = Release|Any CPU
		{18A4326E-4192-48E2-9DA9-CDF564493F83}.Debug|Any CPU.ActiveCfg = Debug|Any CPU
		{18A4326E-4192-48E2-9DA9-CDF564493F83}.Debug|Any CPU.Build.0 = Debug|Any CPU
		{18A4326E-4192-48E2-9DA9-CDF564493F83}.Debug|x64.ActiveCfg = Debug|Any CPU
		{18A4326E-4192-48E2-9DA9-CDF564493F83}.Debug|x64.Build.0 = Debug|Any CPU
		{18A4326E-4192-48E2-9DA9-CDF564493F83}.Debug|x86.ActiveCfg = Debug|Any CPU
		{18A4326E-4192-48E2-9DA9-CDF564493F83}.Debug|x86.Build.0 = Debug|Any CPU
		{18A4326E-4192-48E2-9DA9-CDF564493F83}.Release|Any CPU.ActiveCfg = Release|Any CPU
		{18A4326E-4192-48E2-9DA9-CDF564493F83}.Release|Any CPU.Build.0 = Release|Any CPU
		{18A4326E-4192-48E2-9DA9-CDF564493F83}.Release|x64.ActiveCfg = Release|Any CPU
		{18A4326E-4192-48E2-9DA9-CDF564493F83}.Release|x64.Build.0 = Release|Any CPU
		{18A4326E-4192-48E2-9DA9-CDF564493F83}.Release|x86.ActiveCfg = Release|Any CPU
		{18A4326E-4192-48E2-9DA9-CDF564493F83}.Release|x86.Build.0 = Release|Any CPU
		{B7937B72-372B-485A-98EF-77162FC96458}.Debug|Any CPU.ActiveCfg = Debug|Any CPU
		{B7937B72-372B-485A-98EF-77162FC96458}.Debug|Any CPU.Build.0 = Debug|Any CPU
		{B7937B72-372B-485A-98EF-77162FC96458}.Debug|x64.ActiveCfg = Debug|Any CPU
		{B7937B72-372B-485A-98EF-77162FC96458}.Debug|x64.Build.0 = Debug|Any CPU
		{B7937B72-372B-485A-98EF-77162FC96458}.Debug|x86.ActiveCfg = Debug|Any CPU
		{B7937B72-372B-485A-98EF-77162FC96458}.Debug|x86.Build.0 = Debug|Any CPU
		{B7937B72-372B-485A-98EF-77162FC96458}.Release|Any CPU.ActiveCfg = Release|Any CPU
		{B7937B72-372B-485A-98EF-77162FC96458}.Release|Any CPU.Build.0 = Release|Any CPU
		{B7937B72-372B-485A-98EF-77162FC96458}.Release|x64.ActiveCfg = Release|Any CPU
		{B7937B72-372B-485A-98EF-77162FC96458}.Release|x64.Build.0 = Release|Any CPU
		{B7937B72-372B-485A-98EF-77162FC96458}.Release|x86.ActiveCfg = Release|Any CPU
		{B7937B72-372B-485A-98EF-77162FC96458}.Release|x86.Build.0 = Release|Any CPU
		{09601816-AB09-49DD-BBF7-A2ADA67CEBB8}.Debug|Any CPU.ActiveCfg = Debug|Any CPU
		{09601816-AB09-49DD-BBF7-A2ADA67CEBB8}.Debug|Any CPU.Build.0 = Debug|Any CPU
		{09601816-AB09-49DD-BBF7-A2ADA67CEBB8}.Debug|x64.ActiveCfg = Debug|Any CPU
		{09601816-AB09-49DD-BBF7-A2ADA67CEBB8}.Debug|x64.Build.0 = Debug|Any CPU
		{09601816-AB09-49DD-BBF7-A2ADA67CEBB8}.Debug|x86.ActiveCfg = Debug|Any CPU
		{09601816-AB09-49DD-BBF7-A2ADA67CEBB8}.Debug|x86.Build.0 = Debug|Any CPU
		{09601816-AB09-49DD-BBF7-A2ADA67CEBB8}.Release|Any CPU.ActiveCfg = Release|Any CPU
		{09601816-AB09-49DD-BBF7-A2ADA67CEBB8}.Release|Any CPU.Build.0 = Release|Any CPU
		{09601816-AB09-49DD-BBF7-A2ADA67CEBB8}.Release|x64.ActiveCfg = Release|Any CPU
		{09601816-AB09-49DD-BBF7-A2ADA67CEBB8}.Release|x64.Build.0 = Release|Any CPU
		{09601816-AB09-49DD-BBF7-A2ADA67CEBB8}.Release|x86.ActiveCfg = Release|Any CPU
		{09601816-AB09-49DD-BBF7-A2ADA67CEBB8}.Release|x86.Build.0 = Release|Any CPU
		{C15D2598-D70B-474C-8B9E-7B4DFD763D53}.Debug|Any CPU.ActiveCfg = Debug|Any CPU
		{C15D2598-D70B-474C-8B9E-7B4DFD763D53}.Debug|Any CPU.Build.0 = Debug|Any CPU
		{C15D2598-D70B-474C-8B9E-7B4DFD763D53}.Debug|x64.ActiveCfg = Debug|Any CPU
		{C15D2598-D70B-474C-8B9E-7B4DFD763D53}.Debug|x64.Build.0 = Debug|Any CPU
		{C15D2598-D70B-474C-8B9E-7B4DFD763D53}.Debug|x86.ActiveCfg = Debug|Any CPU
		{C15D2598-D70B-474C-8B9E-7B4DFD763D53}.Debug|x86.Build.0 = Debug|Any CPU
		{C15D2598-D70B-474C-8B9E-7B4DFD763D53}.Release|Any CPU.ActiveCfg = Release|Any CPU
		{C15D2598-D70B-474C-8B9E-7B4DFD763D53}.Release|Any CPU.Build.0 = Release|Any CPU
		{C15D2598-D70B-474C-8B9E-7B4DFD763D53}.Release|x64.ActiveCfg = Release|Any CPU
		{C15D2598-D70B-474C-8B9E-7B4DFD763D53}.Release|x64.Build.0 = Release|Any CPU
		{C15D2598-D70B-474C-8B9E-7B4DFD763D53}.Release|x86.ActiveCfg = Release|Any CPU
		{C15D2598-D70B-474C-8B9E-7B4DFD763D53}.Release|x86.Build.0 = Release|Any CPU
		{26BCB4E7-0BE1-4C9C-A01C-2FE68DDDC08B}.Debug|Any CPU.ActiveCfg = Debug|Any CPU
		{26BCB4E7-0BE1-4C9C-A01C-2FE68DDDC08B}.Debug|Any CPU.Build.0 = Debug|Any CPU
		{26BCB4E7-0BE1-4C9C-A01C-2FE68DDDC08B}.Debug|x64.ActiveCfg = Debug|Any CPU
		{26BCB4E7-0BE1-4C9C-A01C-2FE68DDDC08B}.Debug|x64.Build.0 = Debug|Any CPU
		{26BCB4E7-0BE1-4C9C-A01C-2FE68DDDC08B}.Debug|x86.ActiveCfg = Debug|Any CPU
		{26BCB4E7-0BE1-4C9C-A01C-2FE68DDDC08B}.Debug|x86.Build.0 = Debug|Any CPU
		{26BCB4E7-0BE1-4C9C-A01C-2FE68DDDC08B}.Release|Any CPU.ActiveCfg = Release|Any CPU
		{26BCB4E7-0BE1-4C9C-A01C-2FE68DDDC08B}.Release|Any CPU.Build.0 = Release|Any CPU
		{26BCB4E7-0BE1-4C9C-A01C-2FE68DDDC08B}.Release|x64.ActiveCfg = Release|Any CPU
		{26BCB4E7-0BE1-4C9C-A01C-2FE68DDDC08B}.Release|x64.Build.0 = Release|Any CPU
		{26BCB4E7-0BE1-4C9C-A01C-2FE68DDDC08B}.Release|x86.ActiveCfg = Release|Any CPU
		{26BCB4E7-0BE1-4C9C-A01C-2FE68DDDC08B}.Release|x86.Build.0 = Release|Any CPU
		{1241A72D-7CB7-4719-A401-65B1714F8805}.Debug|Any CPU.ActiveCfg = Debug|Any CPU
		{1241A72D-7CB7-4719-A401-65B1714F8805}.Debug|Any CPU.Build.0 = Debug|Any CPU
		{1241A72D-7CB7-4719-A401-65B1714F8805}.Debug|x64.ActiveCfg = Debug|Any CPU
		{1241A72D-7CB7-4719-A401-65B1714F8805}.Debug|x64.Build.0 = Debug|Any CPU
		{1241A72D-7CB7-4719-A401-65B1714F8805}.Debug|x86.ActiveCfg = Debug|Any CPU
		{1241A72D-7CB7-4719-A401-65B1714F8805}.Debug|x86.Build.0 = Debug|Any CPU
		{1241A72D-7CB7-4719-A401-65B1714F8805}.Release|Any CPU.ActiveCfg = Release|Any CPU
		{1241A72D-7CB7-4719-A401-65B1714F8805}.Release|Any CPU.Build.0 = Release|Any CPU
		{1241A72D-7CB7-4719-A401-65B1714F8805}.Release|x64.ActiveCfg = Release|Any CPU
		{1241A72D-7CB7-4719-A401-65B1714F8805}.Release|x64.Build.0 = Release|Any CPU
		{1241A72D-7CB7-4719-A401-65B1714F8805}.Release|x86.ActiveCfg = Release|Any CPU
		{1241A72D-7CB7-4719-A401-65B1714F8805}.Release|x86.Build.0 = Release|Any CPU
		{3FEB3430-95BC-4BCF-A845-2DB3169A62AF}.Debug|Any CPU.ActiveCfg = Debug|Any CPU
		{3FEB3430-95BC-4BCF-A845-2DB3169A62AF}.Debug|Any CPU.Build.0 = Debug|Any CPU
		{3FEB3430-95BC-4BCF-A845-2DB3169A62AF}.Debug|x64.ActiveCfg = Debug|Any CPU
		{3FEB3430-95BC-4BCF-A845-2DB3169A62AF}.Debug|x64.Build.0 = Debug|Any CPU
		{3FEB3430-95BC-4BCF-A845-2DB3169A62AF}.Debug|x86.ActiveCfg = Debug|Any CPU
		{3FEB3430-95BC-4BCF-A845-2DB3169A62AF}.Debug|x86.Build.0 = Debug|Any CPU
		{3FEB3430-95BC-4BCF-A845-2DB3169A62AF}.Release|Any CPU.ActiveCfg = Release|Any CPU
		{3FEB3430-95BC-4BCF-A845-2DB3169A62AF}.Release|Any CPU.Build.0 = Release|Any CPU
		{3FEB3430-95BC-4BCF-A845-2DB3169A62AF}.Release|x64.ActiveCfg = Release|Any CPU
		{3FEB3430-95BC-4BCF-A845-2DB3169A62AF}.Release|x64.Build.0 = Release|Any CPU
		{3FEB3430-95BC-4BCF-A845-2DB3169A62AF}.Release|x86.ActiveCfg = Release|Any CPU
		{3FEB3430-95BC-4BCF-A845-2DB3169A62AF}.Release|x86.Build.0 = Release|Any CPU
		{F6AC9909-4E48-46F9-A070-DA4BBF4D4FDD}.Debug|Any CPU.ActiveCfg = Debug|Any CPU
		{F6AC9909-4E48-46F9-A070-DA4BBF4D4FDD}.Debug|Any CPU.Build.0 = Debug|Any CPU
		{F6AC9909-4E48-46F9-A070-DA4BBF4D4FDD}.Debug|x64.ActiveCfg = Debug|Any CPU
		{F6AC9909-4E48-46F9-A070-DA4BBF4D4FDD}.Debug|x64.Build.0 = Debug|Any CPU
		{F6AC9909-4E48-46F9-A070-DA4BBF4D4FDD}.Debug|x86.ActiveCfg = Debug|Any CPU
		{F6AC9909-4E48-46F9-A070-DA4BBF4D4FDD}.Debug|x86.Build.0 = Debug|Any CPU
		{F6AC9909-4E48-46F9-A070-DA4BBF4D4FDD}.Release|Any CPU.ActiveCfg = Release|Any CPU
		{F6AC9909-4E48-46F9-A070-DA4BBF4D4FDD}.Release|Any CPU.Build.0 = Release|Any CPU
		{F6AC9909-4E48-46F9-A070-DA4BBF4D4FDD}.Release|x64.ActiveCfg = Release|Any CPU
		{F6AC9909-4E48-46F9-A070-DA4BBF4D4FDD}.Release|x64.Build.0 = Release|Any CPU
		{F6AC9909-4E48-46F9-A070-DA4BBF4D4FDD}.Release|x86.ActiveCfg = Release|Any CPU
		{F6AC9909-4E48-46F9-A070-DA4BBF4D4FDD}.Release|x86.Build.0 = Release|Any CPU
		{62ED91FC-72F2-4667-9ABB-21791940664B}.Debug|Any CPU.ActiveCfg = Debug|Any CPU
		{62ED91FC-72F2-4667-9ABB-21791940664B}.Debug|Any CPU.Build.0 = Debug|Any CPU
		{62ED91FC-72F2-4667-9ABB-21791940664B}.Debug|x64.ActiveCfg = Debug|Any CPU
		{62ED91FC-72F2-4667-9ABB-21791940664B}.Debug|x64.Build.0 = Debug|Any CPU
		{62ED91FC-72F2-4667-9ABB-21791940664B}.Debug|x86.ActiveCfg = Debug|Any CPU
		{62ED91FC-72F2-4667-9ABB-21791940664B}.Debug|x86.Build.0 = Debug|Any CPU
		{62ED91FC-72F2-4667-9ABB-21791940664B}.Release|Any CPU.ActiveCfg = Release|Any CPU
		{62ED91FC-72F2-4667-9ABB-21791940664B}.Release|Any CPU.Build.0 = Release|Any CPU
		{62ED91FC-72F2-4667-9ABB-21791940664B}.Release|x64.ActiveCfg = Release|Any CPU
		{62ED91FC-72F2-4667-9ABB-21791940664B}.Release|x64.Build.0 = Release|Any CPU
		{62ED91FC-72F2-4667-9ABB-21791940664B}.Release|x86.ActiveCfg = Release|Any CPU
		{62ED91FC-72F2-4667-9ABB-21791940664B}.Release|x86.Build.0 = Release|Any CPU
		{43AE5F40-14F9-492B-908C-D11A11FB3A9B}.Debug|Any CPU.ActiveCfg = Debug|Any CPU
		{43AE5F40-14F9-492B-908C-D11A11FB3A9B}.Debug|Any CPU.Build.0 = Debug|Any CPU
		{43AE5F40-14F9-492B-908C-D11A11FB3A9B}.Debug|x64.ActiveCfg = Debug|Any CPU
		{43AE5F40-14F9-492B-908C-D11A11FB3A9B}.Debug|x64.Build.0 = Debug|Any CPU
		{43AE5F40-14F9-492B-908C-D11A11FB3A9B}.Debug|x86.ActiveCfg = Debug|Any CPU
		{43AE5F40-14F9-492B-908C-D11A11FB3A9B}.Debug|x86.Build.0 = Debug|Any CPU
		{43AE5F40-14F9-492B-908C-D11A11FB3A9B}.Release|Any CPU.ActiveCfg = Release|Any CPU
		{43AE5F40-14F9-492B-908C-D11A11FB3A9B}.Release|Any CPU.Build.0 = Release|Any CPU
		{43AE5F40-14F9-492B-908C-D11A11FB3A9B}.Release|x64.ActiveCfg = Release|Any CPU
		{43AE5F40-14F9-492B-908C-D11A11FB3A9B}.Release|x64.Build.0 = Release|Any CPU
		{43AE5F40-14F9-492B-908C-D11A11FB3A9B}.Release|x86.ActiveCfg = Release|Any CPU
		{43AE5F40-14F9-492B-908C-D11A11FB3A9B}.Release|x86.Build.0 = Release|Any CPU
		{6E317BCA-2515-49B5-A91A-ED95294FBE71}.Debug|Any CPU.ActiveCfg = Debug|Any CPU
		{6E317BCA-2515-49B5-A91A-ED95294FBE71}.Debug|Any CPU.Build.0 = Debug|Any CPU
		{6E317BCA-2515-49B5-A91A-ED95294FBE71}.Debug|x64.ActiveCfg = Debug|Any CPU
		{6E317BCA-2515-49B5-A91A-ED95294FBE71}.Debug|x64.Build.0 = Debug|Any CPU
		{6E317BCA-2515-49B5-A91A-ED95294FBE71}.Debug|x86.ActiveCfg = Debug|Any CPU
		{6E317BCA-2515-49B5-A91A-ED95294FBE71}.Debug|x86.Build.0 = Debug|Any CPU
		{6E317BCA-2515-49B5-A91A-ED95294FBE71}.Release|Any CPU.ActiveCfg = Release|Any CPU
		{6E317BCA-2515-49B5-A91A-ED95294FBE71}.Release|Any CPU.Build.0 = Release|Any CPU
		{6E317BCA-2515-49B5-A91A-ED95294FBE71}.Release|x64.ActiveCfg = Release|Any CPU
		{6E317BCA-2515-49B5-A91A-ED95294FBE71}.Release|x64.Build.0 = Release|Any CPU
		{6E317BCA-2515-49B5-A91A-ED95294FBE71}.Release|x86.ActiveCfg = Release|Any CPU
		{6E317BCA-2515-49B5-A91A-ED95294FBE71}.Release|x86.Build.0 = Release|Any CPU
	EndGlobalSection
	GlobalSection(SolutionProperties) = preSolution
		HideSolutionNode = FALSE
	EndGlobalSection
	GlobalSection(NestedProjects) = preSolution
		{63BB9F9A-E21C-43A7-B7AB-E67578B0C07B} = {08CF7924-EF0E-1EEF-F44B-51109664297C}
		{8FC338F0-29F0-401B-B22C-677D30F7141B} = {08CF7924-EF0E-1EEF-F44B-51109664297C}
		{C3140C3C-AA2A-4103-BE56-12840FAB791B} = {08CF7924-EF0E-1EEF-F44B-51109664297C}
		{18A4326E-4192-48E2-9DA9-CDF564493F83} = {08CF7924-EF0E-1EEF-F44B-51109664297C}
		{B7937B72-372B-485A-98EF-77162FC96458} = {08CF7924-EF0E-1EEF-F44B-51109664297C}
		{09601816-AB09-49DD-BBF7-A2ADA67CEBB8} = {08CF7924-EF0E-1EEF-F44B-51109664297C}
		{C15D2598-D70B-474C-8B9E-7B4DFD763D53} = {08CF7924-EF0E-1EEF-F44B-51109664297C}
		{26BCB4E7-0BE1-4C9C-A01C-2FE68DDDC08B} = {08CF7924-EF0E-1EEF-F44B-51109664297C}
		{1241A72D-7CB7-4719-A401-65B1714F8805} = {08CF7924-EF0E-1EEF-F44B-51109664297C}
		{3FEB3430-95BC-4BCF-A845-2DB3169A62AF} = {A36FAAB1-3B70-FACF-6B1E-E7138A3CFC44}
		{F6AC9909-4E48-46F9-A070-DA4BBF4D4FDD} = {A36FAAB1-3B70-FACF-6B1E-E7138A3CFC44}
		{62ED91FC-72F2-4667-9ABB-21791940664B} = {A36FAAB1-3B70-FACF-6B1E-E7138A3CFC44}
		{43AE5F40-14F9-492B-908C-D11A11FB3A9B} = {A36FAAB1-3B70-FACF-6B1E-E7138A3CFC44}
		{6E317BCA-2515-49B5-A91A-ED95294FBE71} = {A36FAAB1-3B70-FACF-6B1E-E7138A3CFC44}
	EndGlobalSection
EndGlobal
